{
  "nodes": {
    "crane": {
      "inputs": {
        "flake-compat": "flake-compat",
        "flake-utils": "flake-utils",
        "nixpkgs": [
          "nixpkgs"
        ],
        "rust-overlay": "rust-overlay"
      },
      "locked": {
        "lastModified": 1676846788,
        "narHash": "sha256-XLsHLgXyMdliMeAXuzdGP+TXBaV44kG1RPTUHNOs6Jk=",
        "owner": "ipetkov",
        "repo": "crane",
        "rev": "953b70da2813fb882c39890f2514e7db76fc8843",
        "type": "github"
      },
      "original": {
        "owner": "ipetkov",
        "ref": "v0.11.3",
        "repo": "crane",
        "type": "github"
      }
    },
    "flake-compat": {
      "flake": false,
      "locked": {
        "lastModified": 1673956053,
        "narHash": "sha256-4gtG9iQuiKITOjNQQeQIpoIB6b16fm+504Ch3sNKLd8=",
        "owner": "edolstra",
        "repo": "flake-compat",
        "rev": "35bb57c0c8d8b62bbfd284272c928ceb64ddbde9",
        "type": "github"
      },
      "original": {
        "owner": "edolstra",
        "repo": "flake-compat",
        "type": "github"
      }
    },
    "flake-compat_2": {
      "flake": false,
      "locked": {
        "lastModified": 1673956053,
        "narHash": "sha256-4gtG9iQuiKITOjNQQeQIpoIB6b16fm+504Ch3sNKLd8=",
        "owner": "edolstra",
        "repo": "flake-compat",
        "rev": "35bb57c0c8d8b62bbfd284272c928ceb64ddbde9",
        "type": "github"
      },
      "original": {
        "owner": "edolstra",
        "repo": "flake-compat",
        "type": "github"
      }
    },
    "flake-utils": {
      "locked": {
        "lastModified": 1676283394,
        "narHash": "sha256-XX2f9c3iySLCw54rJ/CZs+ZK6IQy7GXNY4nSOyu2QG4=",
        "owner": "numtide",
        "repo": "flake-utils",
        "rev": "3db36a8b464d0c4532ba1c7dda728f4576d6d073",
        "type": "github"
      },
      "original": {
        "owner": "numtide",
        "repo": "flake-utils",
        "type": "github"
      }
    },
    "icat": {
      "inputs": {
        "nixpkgs": [
          "nixpkgs"
        ]
      },
      "locked": {
        "lastModified": 1688930064,
        "narHash": "sha256-9HeztRRQyfFJPYUW/3Ryi0leFMcTUsT9P1aofc/A/VA=",
        "owner": "nekowinston",
        "repo": "icat",
        "rev": "3a266a28051e6cd9bdb844becf79862a73da1c73",
        "type": "github"
      },
      "original": {
        "owner": "nekowinston",
        "repo": "icat",
        "type": "github"
      }
    },
    "nixpkgs": {
      "locked": {
        "lastModified": 1689168768,
        "narHash": "sha256-mCw3LPg2jJkapvJpkd1IZ8k0IJlSG2ECvz3vcOAu+Uo=",
        "owner": "NixOS",
        "repo": "nixpkgs",
        "rev": "6fd9edc94426a3c050ad589c8f033b5ca55454c7",
        "type": "github"
      },
      "original": {
        "owner": "NixOS",
        "ref": "nixpkgs-unstable",
        "repo": "nixpkgs",
        "type": "github"
      }
    },
    "root": {
      "inputs": {
        "crane": "crane",
        "flake-compat": "flake-compat_2",
        "icat": "icat",
        "nixpkgs": "nixpkgs",
        "wezterm-src": "wezterm-src"
      }
    },
    "rust-overlay": {
      "inputs": {
        "flake-utils": [
          "crane",
          "flake-utils"
        ],
        "nixpkgs": [
          "crane",
          "nixpkgs"
        ]
      },
      "locked": {
        "lastModified": 1676437770,
        "narHash": "sha256-mhJye91Bn0jJIE7NnEywGty/U5qdELfsT8S+FBjTdG4=",
        "owner": "oxalica",
        "repo": "rust-overlay",
        "rev": "a619538647bd03e3ee1d7b947f7c11ff289b376e",
        "type": "github"
      },
      "original": {
        "owner": "oxalica",
        "repo": "rust-overlay",
        "type": "github"
      }
    },
    "wezterm-src": {
      "flake": false,
      "locked": {
        "lastModified": 1689196508,
        "narHash": "sha256-SXPqBvCDqdxyPFs2hsMoRThC1reqa7r252Ho4re9jt8=",
        "ref": "refs/heads/main",
        "rev": "4924fd51378f53609171b56b0a9cf9b013b7d77f",
        "revCount": 7314,
        "submodules": true,
        "type": "git",
        "url": "https://github.com/wez/wezterm"
      },
      "original": {
        "submodules": true,
        "type": "git",
        "url": "https://github.com/wez/wezterm"
      }
    }
  },
  "root": "root",
  "version": 7
}
